
Microsoft Visual Studio Solution File, Format Version 12.00
# Visual Studio Version 16
VisualStudioVersion = 16.0.31624.102
MinimumVisualStudioVersion = 10.0.40219.1
Project("{FAE04EC0-301F-11D3-BF4B-00C04F79EFBC}") = "PAVE PRIORITY", "PAVE PRIORITY.csproj", "{C7AE763C-C59B-4CEA-9BCC-2D7E35A93DD0}"
EndProject
Global
	GlobalSection(SolutionConfigurationPlatforms) = preSolution
		Debug|Any CPU = Debug|Any CPU
		Release|Any CPU = Release|Any CPU
	EndGlobalSection
	GlobalSection(ProjectConfigurationPlatforms) = postSolution
		{C7AE763C-C59B-4CEA-9BCC-2D7E35A93DD0}.Debug|Any CPU.ActiveCfg = Debug|Any CPU
		{C7AE763C-C59B-4CEA-9BCC-2D7E35A93DD0}.Debug|Any CPU.Build.0 = Debug|Any CPU
		{C7AE763C-C59B-4CEA-9BCC-2D7E35A93DD0}.Release|Any CPU.ActiveCfg = Release|Any CPU
		{C7AE763C-C59B-4CEA-9BCC-2D7E35A93DD0}.Release|Any CPU.Build.0 = Release|Any CPU
	EndGlobalSection
	GlobalSection(SolutionProperties) = preSolution
		HideSolutionNode = FALSE
	EndGlobalSection
	GlobalSection(ExtensibilityGlobals) = postSolution
		SolutionGuid = {D684A2BE-E350-42D9-BB7F-A79CDE188617}
	EndGlobalSection
EndGlobal
